github.com/graphql-go/graphql v0.7.8 h1:769CR/2JNAhLG9+aa8pfLkKdR0H+r5lsQqling5WwpU=
github.com/graphql-go/graphql v0.7.8/go.mod h1:k6yrAYQaSP59DC5UVxbgxESlmVyojThKdORUqGDGmrI=
github.com/graphql-go/handler v0.2.3 h1:CANh8WPnl5M9uA25c2GBhPqJhE53Fg0Iue/fRNla71E=
github.com/graphql-go/handler v0.2.3/go.mod h1:leLF6RpV5uZMN1CdImAxuiayrYYhOk33bZciaUGaXeU=
github.com/julienschmidt/httprouter v1.2.0 h1:TDTW5Yz1mjftljbcKqRcrYhd4XeOoI98t+9HbQbYf7g=
github.com/julienschmidt/httprouter v1.2.0/go.mod h1:SYymIcj16QtmaHHD7aYtjjsJG7VTCxuUUipMqKk8s4w=
github.com/seerx/gql v0.0.0-20190711021654-74fac7366c29 h1:oyoD44lJQbaFsRro/uZVNLCH12hSWLGr589DdSIXyXs=
github.com/seerx/gql v0.0.0-20190711021654-74fac7366c29/go.mod h1:gMtN0OAePRCIfQLNv0F7vlOVEQrS1V8+kssm4hoRC+w=
